
Microsoft Visual Studio Solution File, Format Version 11.00
# Visual Studio 2010
Project("{2150E333-8FDC-42A3-9474-1A3956D46DE8}") = "NewFolder1", "NewFolder1", "{2DA2A3EA-8D5D-41FA-8550-A3941CB636DD}"
EndProject
Project("{E24C65DC-7377-472B-9ABA-BC803B73C61A}") = "testWebsite", "testWebsite\", "{5309D99A-5F13-479E-BF8D-FF686E4C0942}"
	ProjectSection(WebsiteProperties) = preProject
		TargetFrameworkMoniker = ".NETFramework,Version%3Dv4.0"
		Debug.AspNetCompiler.VirtualPath = "/testWebsite"
		Debug.AspNetCompiler.PhysicalPath = "testWebsite\"
		Debug.AspNetCompiler.TargetPath = "PrecompiledWeb\testWebsite\"
		Debug.AspNetCompiler.Updateable = "true"
		Debug.AspNetCompiler.ForceOverwrite = "true"
		Debug.AspNetCompiler.FixedNames = "false"
		Debug.AspNetCompiler.Debug = "True"
		Release.AspNetCompiler.VirtualPath = "/testWebsite"
		Release.AspNetCompiler.PhysicalPath = "testWebsite\"
		Release.AspNetCompiler.TargetPath = "PrecompiledWeb\testWebsite\"
		Release.AspNetCompiler.Updateable = "true"
		Release.AspNetCompiler.ForceOverwrite = "true"
		Release.AspNetCompiler.FixedNames = "false"
		Release.AspNetCompiler.Debug = "False"
		VWDPort = "61077"
		DefaultWebSiteLanguage = "Visual C#"
	EndProjectSection
EndProject
Global
	GlobalSection(SolutionConfigurationPlatforms) = preSolution
		Debug|Any CPU = Debug|Any CPU
	EndGlobalSection
	GlobalSection(ProjectConfigurationPlatforms) = postSolution
		{5309D99A-5F13-479E-BF8D-FF686E4C0942}.Debug|Any CPU.ActiveCfg = Debug|Any CPU
		{5309D99A-5F13-479E-BF8D-FF686E4C0942}.Debug|Any CPU.Build.0 = Debug|Any CPU
	EndGlobalSection
	GlobalSection(SolutionProperties) = preSolution
		HideSolutionNode = FALSE
	EndGlobalSection
EndGlobal
