
Microsoft Visual Studio Solution File, Format Version 11.00
# Visual Studio 2010
Project("{E24C65DC-7377-472B-9ABA-BC803B73C61A}") = "Tool_OpenSource_IonicZip", "Tool_OpenSource_IonicZip\", "{2392D6AF-3ADA-4777-A211-6C08537A575B}"
	ProjectSection(WebsiteProperties) = preProject
		TargetFrameworkMoniker = ".NETFramework,Version%3Dv4.0"
		ProjectReferences = "{C6EAB52D-51EC-4953-BB27-A262D41943C9}|DummyData_Users_ObjectHydrator.dll;"
		Debug.AspNetCompiler.VirtualPath = "/Tool_OpenSource_IonicZip"
		Debug.AspNetCompiler.PhysicalPath = "Tool_OpenSource_IonicZip\"
		Debug.AspNetCompiler.TargetPath = "PrecompiledWeb\Tool_OpenSource_IonicZip\"
		Debug.AspNetCompiler.Updateable = "true"
		Debug.AspNetCompiler.ForceOverwrite = "true"
		Debug.AspNetCompiler.FixedNames = "false"
		Debug.AspNetCompiler.Debug = "True"
		Release.AspNetCompiler.VirtualPath = "/Tool_OpenSource_IonicZip"
		Release.AspNetCompiler.PhysicalPath = "Tool_OpenSource_IonicZip\"
		Release.AspNetCompiler.TargetPath = "PrecompiledWeb\Tool_OpenSource_IonicZip\"
		Release.AspNetCompiler.Updateable = "true"
		Release.AspNetCompiler.ForceOverwrite = "true"
		Release.AspNetCompiler.FixedNames = "false"
		Release.AspNetCompiler.Debug = "False"
		VWDPort = "58828"
		DefaultWebSiteLanguage = "Visual C#"
	EndProjectSection
EndProject
Project("{FAE04EC0-301F-11D3-BF4B-00C04F79EFBC}") = "DummyData_Users_ObjectHydrator", "DummyData_Users_ObjectHydrator\DummyData_Users_ObjectHydrator\DummyData_Users_ObjectHydrator.csproj", "{C6EAB52D-51EC-4953-BB27-A262D41943C9}"
EndProject
Project("{FAE04EC0-301F-11D3-BF4B-00C04F79EFBC}") = "DummyData_Users_ObjectHydrator_Test", "DummyData_Users_ObjectHydrator_Test\DummyData_Users_ObjectHydrator_Test.csproj", "{D99B26D6-F40C-433E-B3E4-664D9C9168DD}"
EndProject
Project("{2150E333-8FDC-42A3-9474-1A3956D46DE8}") = "Solution Items", "Solution Items", "{B16FFC69-20A6-4AB2-853B-B7C118785EF4}"
	ProjectSection(SolutionItems) = preProject
		Local.testsettings = Local.testsettings
		testSolution.vsmdi = testSolution.vsmdi
		TraceAndTestImpact.testsettings = TraceAndTestImpact.testsettings
	EndProjectSection
EndProject
Project("{E24C65DC-7377-472B-9ABA-BC803B73C61A}") = "Tool_OpenSource_Epplus", "Tool_OpenSource_Epplus\", "{34B46B06-86DC-41E9-BB16-5295F9B3AA89}"
	ProjectSection(WebsiteProperties) = preProject
		TargetFrameworkMoniker = ".NETFramework,Version%3Dv4.0"
		ProjectReferences = "{C6EAB52D-51EC-4953-BB27-A262D41943C9}|DummyData_Users_ObjectHydrator.dll;"
		Debug.AspNetCompiler.VirtualPath = "/Tool_OpenSource_Epplus"
		Debug.AspNetCompiler.PhysicalPath = "Tool_OpenSource_Epplus\"
		Debug.AspNetCompiler.TargetPath = "PrecompiledWeb\Tool_OpenSource_Epplus\"
		Debug.AspNetCompiler.Updateable = "true"
		Debug.AspNetCompiler.ForceOverwrite = "true"
		Debug.AspNetCompiler.FixedNames = "false"
		Debug.AspNetCompiler.Debug = "True"
		Release.AspNetCompiler.VirtualPath = "/Tool_OpenSource_Epplus"
		Release.AspNetCompiler.PhysicalPath = "Tool_OpenSource_Epplus\"
		Release.AspNetCompiler.TargetPath = "PrecompiledWeb\Tool_OpenSource_Epplus\"
		Release.AspNetCompiler.Updateable = "true"
		Release.AspNetCompiler.ForceOverwrite = "true"
		Release.AspNetCompiler.FixedNames = "false"
		Release.AspNetCompiler.Debug = "False"
		VWDPort = "49950"
		DefaultWebSiteLanguage = "Visual C#"
	EndProjectSection
EndProject
Project("{FAE04EC0-301F-11D3-BF4B-00C04F79EFBC}") = "DesignPattern_Singleton", "DesignPattern_Singleton\DesignPattern_Singleton\DesignPattern_Singleton.csproj", "{C34D13ED-1735-4A89-BB43-A7ED6078020C}"
EndProject
Project("{FAE04EC0-301F-11D3-BF4B-00C04F79EFBC}") = "DesignPattern_Test", "DesignPattern_Test\DesignPattern_Test.csproj", "{29A2384C-E1EC-4D0E-BCD7-70DDA868AE37}"
EndProject
Project("{FAE04EC0-301F-11D3-BF4B-00C04F79EFBC}") = "DesignPattern_Decorator", "DesignPattern_Decorator\DesignPattern_Decorator.csproj", "{2A2FE976-3672-4D8C-AE97-17779BCAED76}"
EndProject
Project("{FAE04EC0-301F-11D3-BF4B-00C04F79EFBC}") = "Tool_OpenSource_Selenium", "Tool_OpenSource_Selenium\Tool_OpenSource_Selenium.csproj", "{D205209A-4B9C-49EB-8C56-1B81C6211BB9}"
EndProject
Project("{FAE04EC0-301F-11D3-BF4B-00C04F79EFBC}") = "IDisposeable_Lib", "IDisposeable_Lib\IDisposeable_Lib.csproj", "{80655B32-A4CF-4F48-AFA6-DAC8BC8CBC77}"
EndProject
Project("{FAE04EC0-301F-11D3-BF4B-00C04F79EFBC}") = "IDisposable_Lib_Test", "IDisposable_Lib_Test\IDisposable_Lib_Test.csproj", "{C1D98DB4-4795-4FFE-B4A4-90EFCCF6D98C}"
EndProject
Project("{2150E333-8FDC-42A3-9474-1A3956D46DE8}") = "Samples", "Samples", "{5EF1810B-1564-420B-A552-8DE8E4E08658}"
EndProject
Project("{E24C65DC-7377-472B-9ABA-BC803B73C61A}") = "Website_AJAX_ASPNET", "Sample\Website_AJAX_ASPNET\", "{74D49476-4417-4AA8-8516-81D611C5AEEA}"
	ProjectSection(WebsiteProperties) = preProject
		TargetFrameworkMoniker = ".NETFramework,Version%3Dv3.5"
		Debug.AspNetCompiler.VirtualPath = "/Website_AJAX_ASPNET"
		Debug.AspNetCompiler.PhysicalPath = "Sample\Website_AJAX_ASPNET\"
		Debug.AspNetCompiler.TargetPath = "PrecompiledWeb\Website_AJAX_ASPNET\"
		Debug.AspNetCompiler.Updateable = "true"
		Debug.AspNetCompiler.ForceOverwrite = "true"
		Debug.AspNetCompiler.FixedNames = "false"
		Debug.AspNetCompiler.Debug = "True"
		Release.AspNetCompiler.VirtualPath = "/Website_AJAX_ASPNET"
		Release.AspNetCompiler.PhysicalPath = "Sample\Website_AJAX_ASPNET\"
		Release.AspNetCompiler.TargetPath = "PrecompiledWeb\Website_AJAX_ASPNET\"
		Release.AspNetCompiler.Updateable = "true"
		Release.AspNetCompiler.ForceOverwrite = "true"
		Release.AspNetCompiler.FixedNames = "false"
		Release.AspNetCompiler.Debug = "False"
		VWDPort = "58331"
	EndProjectSection
EndProject
Project("{2150E333-8FDC-42A3-9474-1A3956D46DE8}") = "JQuery", "JQuery", "{16F8F0B4-A67E-429F-AD9B-7E3386A23708}"
EndProject
Project("{E24C65DC-7377-472B-9ABA-BC803B73C61A}") = "AJAX_GET", "JQuery\AJAX_GET\", "{BE6DE91A-9400-4B05-90E6-5D902BB06ED8}"
	ProjectSection(WebsiteProperties) = preProject
		TargetFrameworkMoniker = ".NETFramework,Version%3Dv4.0"
		Debug.AspNetCompiler.VirtualPath = "/AJAX_GET"
		Debug.AspNetCompiler.PhysicalPath = "JQuery\AJAX_GET\"
		Debug.AspNetCompiler.TargetPath = "PrecompiledWeb\AJAX_GET\"
		Debug.AspNetCompiler.Updateable = "true"
		Debug.AspNetCompiler.ForceOverwrite = "true"
		Debug.AspNetCompiler.FixedNames = "false"
		Debug.AspNetCompiler.Debug = "True"
		Release.AspNetCompiler.VirtualPath = "/AJAX_GET"
		Release.AspNetCompiler.PhysicalPath = "JQuery\AJAX_GET\"
		Release.AspNetCompiler.TargetPath = "PrecompiledWeb\AJAX_GET\"
		Release.AspNetCompiler.Updateable = "true"
		Release.AspNetCompiler.ForceOverwrite = "true"
		Release.AspNetCompiler.FixedNames = "false"
		Release.AspNetCompiler.Debug = "False"
		VWDPort = "54618"
		DefaultWebSiteLanguage = "Visual C#"
	EndProjectSection
EndProject
Project("{E24C65DC-7377-472B-9ABA-BC803B73C61A}") = "WebHandlerFile_JQueryGet", "Sample\WebHandlerFile_JQueryGet\", "{4A2C55C5-E56E-46AC-9A96-A8049514A9D1}"
	ProjectSection(WebsiteProperties) = preProject
		TargetFrameworkMoniker = ".NETFramework,Version%3Dv4.0"
		Debug.AspNetCompiler.VirtualPath = "/WebHandlerFile_JQueryGet"
		Debug.AspNetCompiler.PhysicalPath = "Sample\WebHandlerFile_JQueryGet\"
		Debug.AspNetCompiler.TargetPath = "PrecompiledWeb\WebHandlerFile_JQueryGet\"
		Debug.AspNetCompiler.Updateable = "true"
		Debug.AspNetCompiler.ForceOverwrite = "true"
		Debug.AspNetCompiler.FixedNames = "false"
		Debug.AspNetCompiler.Debug = "True"
		Release.AspNetCompiler.VirtualPath = "/WebHandlerFile_JQueryGet"
		Release.AspNetCompiler.PhysicalPath = "Sample\WebHandlerFile_JQueryGet\"
		Release.AspNetCompiler.TargetPath = "PrecompiledWeb\WebHandlerFile_JQueryGet\"
		Release.AspNetCompiler.Updateable = "true"
		Release.AspNetCompiler.ForceOverwrite = "true"
		Release.AspNetCompiler.FixedNames = "false"
		Release.AspNetCompiler.Debug = "False"
		VWDPort = "59321"
	EndProjectSection
EndProject
Project("{2150E333-8FDC-42A3-9474-1A3956D46DE8}") = "GoogleExtensions", "GoogleExtensions", "{66687E84-1902-4D4D-9BE3-AE523180FC54}"
EndProject
Project("{E24C65DC-7377-472B-9ABA-BC803B73C61A}") = "i3investorPortfolioGoogleExtension", "GoogleExtensions\i3investorPortfolioGoogleExtension\", "{D80AFFA5-A37C-439C-94F7-927F15A8F89B}"
	ProjectSection(WebsiteProperties) = preProject
		TargetFrameworkMoniker = ".NETFramework,Version%3Dv4.0"
		Debug.AspNetCompiler.VirtualPath = "/i3investorPortfolioGoogleExtension"
		Debug.AspNetCompiler.PhysicalPath = "GoogleExtensions\i3investorPortfolioGoogleExtension\"
		Debug.AspNetCompiler.TargetPath = "PrecompiledWeb\i3investorPortfolioGoogleExtension\"
		Debug.AspNetCompiler.Updateable = "true"
		Debug.AspNetCompiler.ForceOverwrite = "true"
		Debug.AspNetCompiler.FixedNames = "false"
		Debug.AspNetCompiler.Debug = "True"
		Release.AspNetCompiler.VirtualPath = "/i3investorPortfolioGoogleExtension"
		Release.AspNetCompiler.PhysicalPath = "GoogleExtensions\i3investorPortfolioGoogleExtension\"
		Release.AspNetCompiler.TargetPath = "PrecompiledWeb\i3investorPortfolioGoogleExtension\"
		Release.AspNetCompiler.Updateable = "true"
		Release.AspNetCompiler.ForceOverwrite = "true"
		Release.AspNetCompiler.FixedNames = "false"
		Release.AspNetCompiler.Debug = "False"
		VWDPort = "54443"
	EndProjectSection
EndProject
Project("{2150E333-8FDC-42A3-9474-1A3956D46DE8}") = "DesignPattern", "DesignPattern", "{796B77C0-BF1E-463B-A0B1-3F87AB618613}"
EndProject
Project("{2150E333-8FDC-42A3-9474-1A3956D46DE8}") = "OpenSource", "OpenSource", "{4012DCAD-6D4D-4E6A-B929-67DF1DE38327}"
EndProject
Project("{2150E333-8FDC-42A3-9474-1A3956D46DE8}") = "Others", "Others", "{D62FAEBD-17D0-4FEE-B506-E3667DF3F7CA}"
EndProject
Global
	GlobalSection(TestCaseManagementSettings) = postSolution
		CategoryFile = testSolution.vsmdi
	EndGlobalSection
	GlobalSection(SolutionConfigurationPlatforms) = preSolution
		Debug|Any CPU = Debug|Any CPU
		Release|Any CPU = Release|Any CPU
	EndGlobalSection
	GlobalSection(ProjectConfigurationPlatforms) = postSolution
		{2392D6AF-3ADA-4777-A211-6C08537A575B}.Debug|Any CPU.ActiveCfg = Debug|Any CPU
		{2392D6AF-3ADA-4777-A211-6C08537A575B}.Debug|Any CPU.Build.0 = Debug|Any CPU
		{2392D6AF-3ADA-4777-A211-6C08537A575B}.Release|Any CPU.ActiveCfg = Debug|Any CPU
		{2392D6AF-3ADA-4777-A211-6C08537A575B}.Release|Any CPU.Build.0 = Debug|Any CPU
		{C6EAB52D-51EC-4953-BB27-A262D41943C9}.Debug|Any CPU.ActiveCfg = Debug|Any CPU
		{C6EAB52D-51EC-4953-BB27-A262D41943C9}.Debug|Any CPU.Build.0 = Debug|Any CPU
		{C6EAB52D-51EC-4953-BB27-A262D41943C9}.Release|Any CPU.ActiveCfg = Release|Any CPU
		{C6EAB52D-51EC-4953-BB27-A262D41943C9}.Release|Any CPU.Build.0 = Release|Any CPU
		{D99B26D6-F40C-433E-B3E4-664D9C9168DD}.Debug|Any CPU.ActiveCfg = Debug|Any CPU
		{D99B26D6-F40C-433E-B3E4-664D9C9168DD}.Debug|Any CPU.Build.0 = Debug|Any CPU
		{D99B26D6-F40C-433E-B3E4-664D9C9168DD}.Release|Any CPU.ActiveCfg = Release|Any CPU
		{D99B26D6-F40C-433E-B3E4-664D9C9168DD}.Release|Any CPU.Build.0 = Release|Any CPU
		{34B46B06-86DC-41E9-BB16-5295F9B3AA89}.Debug|Any CPU.ActiveCfg = Debug|Any CPU
		{34B46B06-86DC-41E9-BB16-5295F9B3AA89}.Debug|Any CPU.Build.0 = Debug|Any CPU
		{34B46B06-86DC-41E9-BB16-5295F9B3AA89}.Release|Any CPU.ActiveCfg = Debug|Any CPU
		{34B46B06-86DC-41E9-BB16-5295F9B3AA89}.Release|Any CPU.Build.0 = Debug|Any CPU
		{C34D13ED-1735-4A89-BB43-A7ED6078020C}.Debug|Any CPU.ActiveCfg = Debug|Any CPU
		{C34D13ED-1735-4A89-BB43-A7ED6078020C}.Debug|Any CPU.Build.0 = Debug|Any CPU
		{C34D13ED-1735-4A89-BB43-A7ED6078020C}.Release|Any CPU.ActiveCfg = Release|Any CPU
		{C34D13ED-1735-4A89-BB43-A7ED6078020C}.Release|Any CPU.Build.0 = Release|Any CPU
		{29A2384C-E1EC-4D0E-BCD7-70DDA868AE37}.Debug|Any CPU.ActiveCfg = Debug|Any CPU
		{29A2384C-E1EC-4D0E-BCD7-70DDA868AE37}.Debug|Any CPU.Build.0 = Debug|Any CPU
		{29A2384C-E1EC-4D0E-BCD7-70DDA868AE37}.Release|Any CPU.ActiveCfg = Release|Any CPU
		{29A2384C-E1EC-4D0E-BCD7-70DDA868AE37}.Release|Any CPU.Build.0 = Release|Any CPU
		{2A2FE976-3672-4D8C-AE97-17779BCAED76}.Debug|Any CPU.ActiveCfg = Debug|Any CPU
		{2A2FE976-3672-4D8C-AE97-17779BCAED76}.Debug|Any CPU.Build.0 = Debug|Any CPU
		{2A2FE976-3672-4D8C-AE97-17779BCAED76}.Release|Any CPU.ActiveCfg = Release|Any CPU
		{2A2FE976-3672-4D8C-AE97-17779BCAED76}.Release|Any CPU.Build.0 = Release|Any CPU
		{D205209A-4B9C-49EB-8C56-1B81C6211BB9}.Debug|Any CPU.ActiveCfg = Debug|Any CPU
		{D205209A-4B9C-49EB-8C56-1B81C6211BB9}.Debug|Any CPU.Build.0 = Debug|Any CPU
		{D205209A-4B9C-49EB-8C56-1B81C6211BB9}.Release|Any CPU.ActiveCfg = Release|Any CPU
		{D205209A-4B9C-49EB-8C56-1B81C6211BB9}.Release|Any CPU.Build.0 = Release|Any CPU
		{80655B32-A4CF-4F48-AFA6-DAC8BC8CBC77}.Debug|Any CPU.ActiveCfg = Debug|Any CPU
		{80655B32-A4CF-4F48-AFA6-DAC8BC8CBC77}.Debug|Any CPU.Build.0 = Debug|Any CPU
		{80655B32-A4CF-4F48-AFA6-DAC8BC8CBC77}.Release|Any CPU.ActiveCfg = Release|Any CPU
		{80655B32-A4CF-4F48-AFA6-DAC8BC8CBC77}.Release|Any CPU.Build.0 = Release|Any CPU
		{C1D98DB4-4795-4FFE-B4A4-90EFCCF6D98C}.Debug|Any CPU.ActiveCfg = Debug|Any CPU
		{C1D98DB4-4795-4FFE-B4A4-90EFCCF6D98C}.Debug|Any CPU.Build.0 = Debug|Any CPU
		{C1D98DB4-4795-4FFE-B4A4-90EFCCF6D98C}.Release|Any CPU.ActiveCfg = Release|Any CPU
		{C1D98DB4-4795-4FFE-B4A4-90EFCCF6D98C}.Release|Any CPU.Build.0 = Release|Any CPU
		{74D49476-4417-4AA8-8516-81D611C5AEEA}.Debug|Any CPU.ActiveCfg = Debug|Any CPU
		{74D49476-4417-4AA8-8516-81D611C5AEEA}.Debug|Any CPU.Build.0 = Debug|Any CPU
		{74D49476-4417-4AA8-8516-81D611C5AEEA}.Release|Any CPU.ActiveCfg = Debug|Any CPU
		{74D49476-4417-4AA8-8516-81D611C5AEEA}.Release|Any CPU.Build.0 = Debug|Any CPU
		{BE6DE91A-9400-4B05-90E6-5D902BB06ED8}.Debug|Any CPU.ActiveCfg = Debug|Any CPU
		{BE6DE91A-9400-4B05-90E6-5D902BB06ED8}.Debug|Any CPU.Build.0 = Debug|Any CPU
		{BE6DE91A-9400-4B05-90E6-5D902BB06ED8}.Release|Any CPU.ActiveCfg = Debug|Any CPU
		{BE6DE91A-9400-4B05-90E6-5D902BB06ED8}.Release|Any CPU.Build.0 = Debug|Any CPU
		{4A2C55C5-E56E-46AC-9A96-A8049514A9D1}.Debug|Any CPU.ActiveCfg = Debug|Any CPU
		{4A2C55C5-E56E-46AC-9A96-A8049514A9D1}.Debug|Any CPU.Build.0 = Debug|Any CPU
		{4A2C55C5-E56E-46AC-9A96-A8049514A9D1}.Release|Any CPU.ActiveCfg = Debug|Any CPU
		{4A2C55C5-E56E-46AC-9A96-A8049514A9D1}.Release|Any CPU.Build.0 = Debug|Any CPU
		{D80AFFA5-A37C-439C-94F7-927F15A8F89B}.Debug|Any CPU.ActiveCfg = Debug|Any CPU
		{D80AFFA5-A37C-439C-94F7-927F15A8F89B}.Debug|Any CPU.Build.0 = Debug|Any CPU
		{D80AFFA5-A37C-439C-94F7-927F15A8F89B}.Release|Any CPU.ActiveCfg = Debug|Any CPU
		{D80AFFA5-A37C-439C-94F7-927F15A8F89B}.Release|Any CPU.Build.0 = Debug|Any CPU
	EndGlobalSection
	GlobalSection(SolutionProperties) = preSolution
		HideSolutionNode = FALSE
	EndGlobalSection
	GlobalSection(NestedProjects) = preSolution
		{74D49476-4417-4AA8-8516-81D611C5AEEA} = {5EF1810B-1564-420B-A552-8DE8E4E08658}
		{4A2C55C5-E56E-46AC-9A96-A8049514A9D1} = {5EF1810B-1564-420B-A552-8DE8E4E08658}
		{BE6DE91A-9400-4B05-90E6-5D902BB06ED8} = {16F8F0B4-A67E-429F-AD9B-7E3386A23708}
		{D80AFFA5-A37C-439C-94F7-927F15A8F89B} = {66687E84-1902-4D4D-9BE3-AE523180FC54}
		{2A2FE976-3672-4D8C-AE97-17779BCAED76} = {796B77C0-BF1E-463B-A0B1-3F87AB618613}
		{29A2384C-E1EC-4D0E-BCD7-70DDA868AE37} = {796B77C0-BF1E-463B-A0B1-3F87AB618613}
		{C34D13ED-1735-4A89-BB43-A7ED6078020C} = {796B77C0-BF1E-463B-A0B1-3F87AB618613}
		{34B46B06-86DC-41E9-BB16-5295F9B3AA89} = {4012DCAD-6D4D-4E6A-B929-67DF1DE38327}
		{2392D6AF-3ADA-4777-A211-6C08537A575B} = {4012DCAD-6D4D-4E6A-B929-67DF1DE38327}
		{C6EAB52D-51EC-4953-BB27-A262D41943C9} = {4012DCAD-6D4D-4E6A-B929-67DF1DE38327}
		{D99B26D6-F40C-433E-B3E4-664D9C9168DD} = {4012DCAD-6D4D-4E6A-B929-67DF1DE38327}
		{D205209A-4B9C-49EB-8C56-1B81C6211BB9} = {4012DCAD-6D4D-4E6A-B929-67DF1DE38327}
		{C1D98DB4-4795-4FFE-B4A4-90EFCCF6D98C} = {D62FAEBD-17D0-4FEE-B506-E3667DF3F7CA}
		{80655B32-A4CF-4F48-AFA6-DAC8BC8CBC77} = {D62FAEBD-17D0-4FEE-B506-E3667DF3F7CA}
	EndGlobalSection
EndGlobal
