
Microsoft Visual Studio Solution File, Format Version 11.00
# Visual Studio 2010
Project("{E24C65DC-7377-472B-9ABA-BC803B73C61A}") = "testWebsite", "testWebsite", "{5309D99A-5F13-479E-BF8D-FF686E4C0942}"
	ProjectSection(WebsiteProperties) = preProject
		TargetFrameworkMoniker = ".NETFramework,Version%3Dv4.0"
		Debug.AspNetCompiler.VirtualPath = "/testWebsite"
		Debug.AspNetCompiler.PhysicalPath = "testWebsite\"
		Debug.AspNetCompiler.TargetPath = "PrecompiledWeb\testWebsite\"
		Debug.AspNetCompiler.Updateable = "true"
		Debug.AspNetCompiler.ForceOverwrite = "true"
		Debug.AspNetCompiler.FixedNames = "false"
		Debug.AspNetCompiler.Debug = "True"
		Release.AspNetCompiler.VirtualPath = "/testWebsite"
		Release.AspNetCompiler.PhysicalPath = "testWebsite\"
		Release.AspNetCompiler.TargetPath = "PrecompiledWeb\testWebsite\"
		Release.AspNetCompiler.Updateable = "true"
		Release.AspNetCompiler.ForceOverwrite = "true"
		Release.AspNetCompiler.FixedNames = "false"
		Release.AspNetCompiler.Debug = "False"
		VWDPort = "61077"
		DefaultWebSiteLanguage = "Visual C#"
	EndProjectSection
EndProject
Project("{E24C65DC-7377-472B-9ABA-BC803B73C61A}") = "Tool_OpenSource_IonicZip", "Tool_OpenSource_IonicZip", "{2392D6AF-3ADA-4777-A211-6C08537A575B}"
	ProjectSection(WebsiteProperties) = preProject
		TargetFrameworkMoniker = ".NETFramework,Version%3Dv4.0"
		ProjectReferences = "{C6EAB52D-51EC-4953-BB27-A262D41943C9}|DummyData_Users_ObjectHydrator.dll;"
		Debug.AspNetCompiler.VirtualPath = "/Tool_OpenSource_IonicZip"
		Debug.AspNetCompiler.PhysicalPath = "Tool_OpenSource_IonicZip\"
		Debug.AspNetCompiler.TargetPath = "PrecompiledWeb\Tool_OpenSource_IonicZip\"
		Debug.AspNetCompiler.Updateable = "true"
		Debug.AspNetCompiler.ForceOverwrite = "true"
		Debug.AspNetCompiler.FixedNames = "false"
		Debug.AspNetCompiler.Debug = "True"
		Release.AspNetCompiler.VirtualPath = "/Tool_OpenSource_IonicZip"
		Release.AspNetCompiler.PhysicalPath = "Tool_OpenSource_IonicZip\"
		Release.AspNetCompiler.TargetPath = "PrecompiledWeb\Tool_OpenSource_IonicZip\"
		Release.AspNetCompiler.Updateable = "true"
		Release.AspNetCompiler.ForceOverwrite = "true"
		Release.AspNetCompiler.FixedNames = "false"
		Release.AspNetCompiler.Debug = "False"
		VWDPort = "58828"
		DefaultWebSiteLanguage = "Visual C#"
	EndProjectSection
EndProject
Project("{FAE04EC0-301F-11D3-BF4B-00C04F79EFBC}") = "DummyData_Users_ObjectHydrator", "DummyData_Users_ObjectHydrator\DummyData_Users_ObjectHydrator\DummyData_Users_ObjectHydrator.csproj", "{C6EAB52D-51EC-4953-BB27-A262D41943C9}"
EndProject
Project("{FAE04EC0-301F-11D3-BF4B-00C04F79EFBC}") = "DummyData_Users_ObjectHydrator_Test", "DummyData_Users_ObjectHydrator_Test\DummyData_Users_ObjectHydrator_Test.csproj", "{D99B26D6-F40C-433E-B3E4-664D9C9168DD}"
EndProject
Project("{2150E333-8FDC-42A3-9474-1A3956D46DE8}") = "Solution Items", "Solution Items", "{B16FFC69-20A6-4AB2-853B-B7C118785EF4}"
	ProjectSection(SolutionItems) = preProject
		Local.testsettings = Local.testsettings
		testSolution.vsmdi = testSolution.vsmdi
		TraceAndTestImpact.testsettings = TraceAndTestImpact.testsettings
	EndProjectSection
EndProject
Global
	GlobalSection(TestCaseManagementSettings) = postSolution
		CategoryFile = testSolution.vsmdi
	EndGlobalSection
	GlobalSection(SolutionConfigurationPlatforms) = preSolution
		Debug|Any CPU = Debug|Any CPU
		Release|Any CPU = Release|Any CPU
	EndGlobalSection
	GlobalSection(ProjectConfigurationPlatforms) = postSolution
		{5309D99A-5F13-479E-BF8D-FF686E4C0942}.Debug|Any CPU.ActiveCfg = Debug|Any CPU
		{5309D99A-5F13-479E-BF8D-FF686E4C0942}.Debug|Any CPU.Build.0 = Debug|Any CPU
		{5309D99A-5F13-479E-BF8D-FF686E4C0942}.Release|Any CPU.ActiveCfg = Debug|Any CPU
		{5309D99A-5F13-479E-BF8D-FF686E4C0942}.Release|Any CPU.Build.0 = Debug|Any CPU
		{2392D6AF-3ADA-4777-A211-6C08537A575B}.Debug|Any CPU.ActiveCfg = Debug|Any CPU
		{2392D6AF-3ADA-4777-A211-6C08537A575B}.Debug|Any CPU.Build.0 = Debug|Any CPU
		{2392D6AF-3ADA-4777-A211-6C08537A575B}.Release|Any CPU.ActiveCfg = Debug|Any CPU
		{2392D6AF-3ADA-4777-A211-6C08537A575B}.Release|Any CPU.Build.0 = Debug|Any CPU
		{C6EAB52D-51EC-4953-BB27-A262D41943C9}.Debug|Any CPU.ActiveCfg = Debug|Any CPU
		{C6EAB52D-51EC-4953-BB27-A262D41943C9}.Debug|Any CPU.Build.0 = Debug|Any CPU
		{C6EAB52D-51EC-4953-BB27-A262D41943C9}.Release|Any CPU.ActiveCfg = Release|Any CPU
		{C6EAB52D-51EC-4953-BB27-A262D41943C9}.Release|Any CPU.Build.0 = Release|Any CPU
		{D99B26D6-F40C-433E-B3E4-664D9C9168DD}.Debug|Any CPU.ActiveCfg = Debug|Any CPU
		{D99B26D6-F40C-433E-B3E4-664D9C9168DD}.Debug|Any CPU.Build.0 = Debug|Any CPU
		{D99B26D6-F40C-433E-B3E4-664D9C9168DD}.Release|Any CPU.ActiveCfg = Release|Any CPU
		{D99B26D6-F40C-433E-B3E4-664D9C9168DD}.Release|Any CPU.Build.0 = Release|Any CPU
	EndGlobalSection
	GlobalSection(SolutionProperties) = preSolution
		HideSolutionNode = FALSE
	EndGlobalSection
EndGlobal
